
Microsoft Visual Studio Solution File, Format Version 12.00
# Visual Studio Version 16
VisualStudioVersion = 16.0.30804.86
MinimumVisualStudioVersion = 10.0.40219.1
Project("{9A19103F-16F7-4668-BE54-9A1E7A4F7556}") = "LemonUI.SanAndreas.FiveM", "LemonUI.SanAndreas.FiveM\LemonUI.SanAndreas.FiveM.csproj", "{4C52D65D-32C9-4C50-98FF-F661A3817405}"
EndProject
Project("{9A19103F-16F7-4668-BE54-9A1E7A4F7556}") = "LemonUI.SanAndreas.SHVDN3", "LemonUI.SanAndreas.SHVDN3\LemonUI.SanAndreas.SHVDN3.csproj", "{53587834-5322-4D41-96BE-7F93D3C110DB}"
EndProject
Project("{9A19103F-16F7-4668-BE54-9A1E7A4F7556}") = "LemonUI.FiveM", "LemonUI\LemonUI.FiveM\LemonUI.FiveM.csproj", "{CAA50B6B-F43C-4132-921D-F4EFF600FA7A}"
EndProject
Project("{9A19103F-16F7-4668-BE54-9A1E7A4F7556}") = "LemonUI.SHVDN3", "LemonUI\LemonUI.SHVDN3\LemonUI.SHVDN3.csproj", "{4DCBB84A-3759-4542-8365-686B306142B7}"
EndProject
Global
	GlobalSection(SolutionConfigurationPlatforms) = preSolution
		Debug|Any CPU = Debug|Any CPU
		Release|Any CPU = Release|Any CPU
	EndGlobalSection
	GlobalSection(ProjectConfigurationPlatforms) = postSolution
		{4C52D65D-32C9-4C50-98FF-F661A3817405}.Debug|Any CPU.ActiveCfg = Debug|Any CPU
		{4C52D65D-32C9-4C50-98FF-F661A3817405}.Debug|Any CPU.Build.0 = Debug|Any CPU
		{4C52D65D-32C9-4C50-98FF-F661A3817405}.Release|Any CPU.ActiveCfg = Release|Any CPU
		{4C52D65D-32C9-4C50-98FF-F661A3817405}.Release|Any CPU.Build.0 = Release|Any CPU
		{53587834-5322-4D41-96BE-7F93D3C110DB}.Debug|Any CPU.ActiveCfg = Debug|Any CPU
		{53587834-5322-4D41-96BE-7F93D3C110DB}.Debug|Any CPU.Build.0 = Debug|Any CPU
		{53587834-5322-4D41-96BE-7F93D3C110DB}.Release|Any CPU.ActiveCfg = Release|Any CPU
		{53587834-5322-4D41-96BE-7F93D3C110DB}.Release|Any CPU.Build.0 = Release|Any CPU
		{CAA50B6B-F43C-4132-921D-F4EFF600FA7A}.Debug|Any CPU.ActiveCfg = Debug|Any CPU
		{CAA50B6B-F43C-4132-921D-F4EFF600FA7A}.Debug|Any CPU.Build.0 = Debug|Any CPU
		{CAA50B6B-F43C-4132-921D-F4EFF600FA7A}.Release|Any CPU.ActiveCfg = Release|Any CPU
		{CAA50B6B-F43C-4132-921D-F4EFF600FA7A}.Release|Any CPU.Build.0 = Release|Any CPU
		{4DCBB84A-3759-4542-8365-686B306142B7}.Debug|Any CPU.ActiveCfg = Debug|Any CPU
		{4DCBB84A-3759-4542-8365-686B306142B7}.Debug|Any CPU.Build.0 = Debug|Any CPU
		{4DCBB84A-3759-4542-8365-686B306142B7}.Release|Any CPU.ActiveCfg = Release|Any CPU
		{4DCBB84A-3759-4542-8365-686B306142B7}.Release|Any CPU.Build.0 = Release|Any CPU
	EndGlobalSection
	GlobalSection(SolutionProperties) = preSolution
		HideSolutionNode = FALSE
	EndGlobalSection
	GlobalSection(ExtensibilityGlobals) = postSolution
		SolutionGuid = {2DA50047-B7AB-4C23-9ABF-B60CDB3BA2EA}
	EndGlobalSection
EndGlobal
